
Microsoft Visual Studio Solution File, Format Version 12.00
# Visual Studio Version 17
VisualStudioVersion = 17.5.002.0
MinimumVisualStudioVersion = 10.0.40219.1
Project("{9A19103F-16F7-4668-BE54-9A1E7A4F7556}") = "TodoApi", "TodoApi\TodoApi.csproj", "{C40BA586-AE7E-4B21-8280-FE13B3FC93EF}"
EndProject
Global
	GlobalSection(SolutionConfigurationPlatforms) = preSolution
		Debug|Any CPU = Debug|Any CPU
		Release|Any CPU = Release|Any CPU
	EndGlobalSection
	GlobalSection(ProjectConfigurationPlatforms) = postSolution
		{C40BA586-AE7E-4B21-8280-FE13B3FC93EF}.Debug|Any CPU.ActiveCfg = Debug|Any CPU
		{C40BA586-AE7E-4B21-8280-FE13B3FC93EF}.Debug|Any CPU.Build.0 = Debug|Any CPU
		{C40BA586-AE7E-4B21-8280-FE13B3FC93EF}.Release|Any CPU.ActiveCfg = Release|Any CPU
		{C40BA586-AE7E-4B21-8280-FE13B3FC93EF}.Release|Any CPU.Build.0 = Release|Any CPU
	EndGlobalSection
	GlobalSection(SolutionProperties) = preSolution
		HideSolutionNode = FALSE
	EndGlobalSection
	GlobalSection(ExtensibilityGlobals) = postSolution
		SolutionGuid = {8A9E9AB5-1EB5-48F6-BB03-20851402E73C}
	EndGlobalSection
EndGlobal
